%{
  "elixir_make": {:hex, :elixir_make, "0.4.2", "332c649d08c18bc1ecc73b1befc68c647136de4f340b548844efc796405743bf", [:mix], [], "hexpm", "727834332ec92c69d91d1111f2de8519b459bce6730db2c0e0c2f46c7fd29374"},
  "ex_ncurses": {:hex, :ex_ncurses, "0.3.1", "1c6c480815c3863fe45cecf54e86dcaa6fa4484847d05c77a090e1ecb384536b", [:make, :mix], [{:elixir_make, "~> 0.4", [hex: :elixir_make, repo: "hexpm", optional: false]}], "hexpm", "becdfb047b1a24aff1ce60c55c805be52bbfaad8fcfa7db5d4df4bc0b09f1194"},
}
